github.com/vulncheck-oss/go-exploit v1.5.1 h1:/mteu/7v8Omag2MbNeb441lBi2KepX0Q5wF2iAGdmf0=
github.com/vulncheck-oss/go-exploit v1.5.1/go.mod h1:q991Oj+3CU5JR0bWKb2FiVHAaCvIbAAlN4KgmsmN0YA=
golang.org/x/net v0.15.0 h1:ugBLEUaxABaB5AJqW9enI0ACdci2RUd4eP51NTBvuJ8=
golang.org/x/net v0.15.0/go.mod h1:idbUs1IY1+zTqbi8yxTbhexhEEk5ur9LInksu6HrEpk=
